
Microsoft Visual Studio Solution File, Format Version 12.00
# Visual Studio Version 17
VisualStudioVersion = 17.2.32616.157
MinimumVisualStudioVersion = 10.0.40219.1
Project("{FAE04EC0-301F-11D3-BF4B-00C04F79EFBC}") = "DataAccess", "DataAccess\DataAccess.csproj", "{75E4F17F-E6A0-4BE7-853B-C815ED15CEB9}"
EndProject
Project("{FAE04EC0-301F-11D3-BF4B-00C04F79EFBC}") = "Business", "Business\Business.csproj", "{CE723730-0486-4C1B-AF6F-B7C131D9A1B2}"
EndProject
Project("{FAE04EC0-301F-11D3-BF4B-00C04F79EFBC}") = "Entities", "Entities\Entities.csproj", "{3AA9D474-8153-44AE-B5B4-4B6722680B8B}"
EndProject
Project("{FAE04EC0-301F-11D3-BF4B-00C04F79EFBC}") = "ConsoleUI", "ConsoleUI\ConsoleUI.csproj", "{B9D6B2A9-365F-4625-BCD0-44F8606E28D8}"
EndProject
Global
	GlobalSection(SolutionConfigurationPlatforms) = preSolution
		Debug|Any CPU = Debug|Any CPU
		Release|Any CPU = Release|Any CPU
	EndGlobalSection
	GlobalSection(ProjectConfigurationPlatforms) = postSolution
		{75E4F17F-E6A0-4BE7-853B-C815ED15CEB9}.Debug|Any CPU.ActiveCfg = Debug|Any CPU
		{75E4F17F-E6A0-4BE7-853B-C815ED15CEB9}.Debug|Any CPU.Build.0 = Debug|Any CPU
		{75E4F17F-E6A0-4BE7-853B-C815ED15CEB9}.Release|Any CPU.ActiveCfg = Release|Any CPU
		{75E4F17F-E6A0-4BE7-853B-C815ED15CEB9}.Release|Any CPU.Build.0 = Release|Any CPU
		{CE723730-0486-4C1B-AF6F-B7C131D9A1B2}.Debug|Any CPU.ActiveCfg = Debug|Any CPU
		{CE723730-0486-4C1B-AF6F-B7C131D9A1B2}.Debug|Any CPU.Build.0 = Debug|Any CPU
		{CE723730-0486-4C1B-AF6F-B7C131D9A1B2}.Release|Any CPU.ActiveCfg = Release|Any CPU
		{CE723730-0486-4C1B-AF6F-B7C131D9A1B2}.Release|Any CPU.Build.0 = Release|Any CPU
		{3AA9D474-8153-44AE-B5B4-4B6722680B8B}.Debug|Any CPU.ActiveCfg = Debug|Any CPU
		{3AA9D474-8153-44AE-B5B4-4B6722680B8B}.Debug|Any CPU.Build.0 = Debug|Any CPU
		{3AA9D474-8153-44AE-B5B4-4B6722680B8B}.Release|Any CPU.ActiveCfg = Release|Any CPU
		{3AA9D474-8153-44AE-B5B4-4B6722680B8B}.Release|Any CPU.Build.0 = Release|Any CPU
		{B9D6B2A9-365F-4625-BCD0-44F8606E28D8}.Debug|Any CPU.ActiveCfg = Debug|Any CPU
		{B9D6B2A9-365F-4625-BCD0-44F8606E28D8}.Debug|Any CPU.Build.0 = Debug|Any CPU
		{B9D6B2A9-365F-4625-BCD0-44F8606E28D8}.Release|Any CPU.ActiveCfg = Release|Any CPU
		{B9D6B2A9-365F-4625-BCD0-44F8606E28D8}.Release|Any CPU.Build.0 = Release|Any CPU
	EndGlobalSection
	GlobalSection(SolutionProperties) = preSolution
		HideSolutionNode = FALSE
	EndGlobalSection
	GlobalSection(ExtensibilityGlobals) = postSolution
		SolutionGuid = {D763B13E-17E0-446E-A323-A455707DAC07}
	EndGlobalSection
EndGlobal
